
Microsoft Visual Studio Solution File, Format Version 12.00
# Visual Studio Version 17
VisualStudioVersion = 17.12.35707.178
MinimumVisualStudioVersion = 10.0.40219.1
Project("{FAE04EC0-301F-11D3-BF4B-00C04F79EFBC}") = "Dotnet9Learn", "Dotnet9Learn\Dotnet9Learn.csproj", "{BD3E85DA-FE05-4065-9E17-56A43C808EBF}"
EndProject
Project("{FAE04EC0-301F-11D3-BF4B-00C04F79EFBC}") = "167IDisposableExample", "167IDisposableExample-\167IDisposableExample.csproj", "{8B55249F-812A-4818-9CFB-6CAFF087E7D2}"
EndProject
Project("{FAE04EC0-301F-11D3-BF4B-00C04F79EFBC}") = "166Destructor", "166Destructor\166Destructor.csproj", "{051F7378-C680-46B3-BA9C-5AA92BFD60CB}"
EndProject
Project("{FAE04EC0-301F-11D3-BF4B-00C04F79EFBC}") = "168UsingDeclaration", "168UsingDeclaration\168UsingDeclaration.csproj", "{0AC7C33E-9010-4A55-B4FE-FFA6356386B8}"
EndProject
Project("{FAE04EC0-301F-11D3-BF4B-00C04F79EFBC}") = "171CreateDelegate", "171CreateDelegate\171CreateDelegate.csproj", "{A17C9B3C-7C9C-48D4-A67C-4D696AAA55BD}"
EndProject
Project("{FAE04EC0-301F-11D3-BF4B-00C04F79EFBC}") = "172MultiCastDelegates", "172MultiCastDelegates\172MultiCastDelegates.csproj", "{255295EC-D5F9-4324-94B2-63AEAE3AED09}"
EndProject
Project("{FAE04EC0-301F-11D3-BF4B-00C04F79EFBC}") = "173EventExample", "173EventExample\173EventExample.csproj", "{4DD63832-5844-4ADD-8B14-E328D1BE2B7B}"
EndProject
Project("{FAE04EC0-301F-11D3-BF4B-00C04F79EFBC}") = "174AutoImplementedEvents", "174AutoImplementedEvents\174AutoImplementedEvents.csproj", "{3088D778-ACE8-4913-BA93-59D0B72831A0}"
EndProject
Project("{FAE04EC0-301F-11D3-BF4B-00C04F79EFBC}") = "175AnonymousExample", "175AnonymousExample\175AnonymousExample.csproj", "{4B53BB13-93C3-4E8D-8B07-ABEC248F007A}"
EndProject
Project("{FAE04EC0-301F-11D3-BF4B-00C04F79EFBC}") = "176LambdaExpressions", "176LambdaExpressions\176LambdaExpressions.csproj", "{8FF11CF5-7A25-4615-8E61-DA94DB86BB64}"
EndProject
Project("{FAE04EC0-301F-11D3-BF4B-00C04F79EFBC}") = "177InnerLambdaExpressions", "177InnerLambdaExpressions\177InnerLambdaExpressions.csproj", "{EF148EA6-D7FF-4927-8A45-57FC9ECC7D18}"
EndProject
Project("{FAE04EC0-301F-11D3-BF4B-00C04F79EFBC}") = "178FunPreDelegates", "178FunPreDelegates\178FunPreDelegates.csproj", "{E25801D8-11F3-4C18-A573-DA5218BD203C}"
EndProject
Project("{FAE04EC0-301F-11D3-BF4B-00C04F79EFBC}") = "179ActionPredicate", "179ActionPredicate\179ActionPredicate.csproj", "{0256745A-8B83-47CA-9C98-AB315A77050A}"
EndProject
Project("{FAE04EC0-301F-11D3-BF4B-00C04F79EFBC}") = "180PredicateExample", "180PrediateExample\180PredicateExample.csproj", "{7530F23E-1E56-480F-A2AA-387B8613006E}"
EndProject
Project("{FAE04EC0-301F-11D3-BF4B-00C04F79EFBC}") = "181EventHandleExample", "181EventHandleExample\181EventHandleExample.csproj", "{23A7DBCE-ABB9-4756-B466-2F06FB444574}"
EndProject
Project("{FAE04EC0-301F-11D3-BF4B-00C04F79EFBC}") = "182ExpressionTreeExample", "182ExpressionTreeExample\182ExpressionTreeExample.csproj", "{46EAE7CD-08A8-4F4A-B046-DFC9CCC5E9B5}"
EndProject
Project("{FAE04EC0-301F-11D3-BF4B-00C04F79EFBC}") = "183ExpressionBodiedMembersExample", "183ExpressionBodiedMembersExample\183ExpressionBodiedMembersExample.csproj", "{2494ADFC-621A-4846-B2FB-2DF1A3FA8D67}"
EndProject
Project("{FAE04EC0-301F-11D3-BF4B-00C04F79EFBC}") = "184SwitchExpressionExample", "184SwitchExpressionExample\184SwitchExpressionExample.csproj", "{BC2EA619-3FBF-4B63-BEEB-FAD6809E9158}"
EndProject
Project("{FAE04EC0-301F-11D3-BF4B-00C04F79EFBC}") = "191ArrayExample", "191ArrayExample\191ArrayExample.csproj", "{69435B9C-3014-40FA-85DD-7733982BED48}"
EndProject
Project("{FAE04EC0-301F-11D3-BF4B-00C04F79EFBC}") = "201DeepCopyExample", "201DeepCopyExample\201DeepCopyExample.csproj", "{0A5BE35D-8456-4637-9533-AD75C8C8C492}"
EndProject
Project("{FAE04EC0-301F-11D3-BF4B-00C04F79EFBC}") = "205ListExample", "205ListExample\205ListExample.csproj", "{F987F68E-9B1B-417C-9B43-C2B45695997F}"
EndProject
Project("{FAE04EC0-301F-11D3-BF4B-00C04F79EFBC}") = "211ToArrayExample", "211ToArrayExample\211ToArrayExample.csproj", "{6230F924-6189-44DB-A848-B70AC05BA119}"
EndProject
Project("{FAE04EC0-301F-11D3-BF4B-00C04F79EFBC}") = "212ExistExample", "212ExistExample\212ExistExample.csproj", "{A5F8D61E-A707-4904-B2A9-D6181B5A7B33}"
EndProject
Project("{FAE04EC0-301F-11D3-BF4B-00C04F79EFBC}") = "213ConverAllExample", "213ConverAllExample\213ConverAllExample.csproj", "{9A2C9509-E90A-4B36-804E-BD806FB9AC66}"
EndProject
Project("{FAE04EC0-301F-11D3-BF4B-00C04F79EFBC}") = "217HashExample", "317HashExample\217HashExample.csproj", "{DD1642F5-AB62-48A0-8F97-19718CE85363}"
EndProject
Project("{FAE04EC0-301F-11D3-BF4B-00C04F79EFBC}") = "221CollectionOfObject", "221CollectionOfObject\221CollectionOfObject.csproj", "{4FF07DDD-9DB6-42CB-8648-A965E403ED3D}"
EndProject
Project("{FAE04EC0-301F-11D3-BF4B-00C04F79EFBC}") = "222ObjectRelations", "222ObjectRelations\222ObjectRelations.csproj", "{8DAC9998-551B-4397-A210-693079D40C07}"
EndProject
Project("{FAE04EC0-301F-11D3-BF4B-00C04F79EFBC}") = "224IEnumerableExample", "IEnumerableExample\224IEnumerableExample.csproj", "{03FFA6DE-1F00-45A5-A9E0-1FEB222EC9D5}"
EndProject
Project("{FAE04EC0-301F-11D3-BF4B-00C04F79EFBC}") = "225IteratorExample", "225IteratorExample\225IteratorExample.csproj", "{9B630FCE-E51F-4560-8EB9-72931ACA6325}"
EndProject
Project("{FAE04EC0-301F-11D3-BF4B-00C04F79EFBC}") = "226CustomCollection", "226CustomCollection\226CustomCollection.csproj", "{30A0588C-7EFD-4204-878B-621D5BDFE35D}"
EndProject
Project("{FAE04EC0-301F-11D3-BF4B-00C04F79EFBC}") = "227CustomCollectionTExample", "227IEnumerableTExample\227CustomCollectionTExample.csproj", "{C9F64357-3885-4BC1-BABE-49DC6D2B3F34}"
EndProject
Project("{FAE04EC0-301F-11D3-BF4B-00C04F79EFBC}") = "228ICollectionExample", "228ICollectionExample\228ICollectionExample.csproj", "{997467BB-962A-42D7-A517-F876CF900B0D}"
EndProject
Project("{FAE04EC0-301F-11D3-BF4B-00C04F79EFBC}") = "229IListExample", "229IListExample\229IListExample.csproj", "{AE16074D-B883-46CE-95AB-C13BB596799F}"
EndProject
Project("{FAE04EC0-301F-11D3-BF4B-00C04F79EFBC}") = "230IEquatableExample", "230IEquatableExample\230IEquatableExample.csproj", "{D06A6C99-6222-4FB9-A84B-25EBFB22EAC4}"
EndProject
Project("{FAE04EC0-301F-11D3-BF4B-00C04F79EFBC}") = "231IComparableExample", "231IComparableExample\231IComparableExample.csproj", "{43BDA4A7-8F7B-44CB-AD5C-79BC26AB0773}"
EndProject
Project("{FAE04EC0-301F-11D3-BF4B-00C04F79EFBC}") = "233IComparer", "233IComparer\233IComparer.csproj", "{C8E9F6CC-5236-4B5F-A903-98F18BEFF148}"
EndProject
Project("{FAE04EC0-301F-11D3-BF4B-00C04F79EFBC}") = "234CovarianceExample", "234CovarianceExample\234CovarianceExample.csproj", "{6FE9772B-7DD2-44BC-A41E-B77AC9F62A6C}"
EndProject
Project("{FAE04EC0-301F-11D3-BF4B-00C04F79EFBC}") = "393ThreadExample", "393ThreadExample\393ThreadExample.csproj", "{F04ED0EE-B482-430E-95B2-C77A2E1A1C36}"
EndProject
Project("{FAE04EC0-301F-11D3-BF4B-00C04F79EFBC}") = "394MutiThreadExample", "394MutiThreadExample\394MutiThreadExample.csproj", "{ADA72DBE-AF96-40C4-BA19-FF403A95AE95}"
EndProject
Project("{FAE04EC0-301F-11D3-BF4B-00C04F79EFBC}") = "400ThreadParametersExample", "400ThreadParametersExample\400ThreadParametersExample.csproj", "{59300BF9-B7C9-4D29-89D9-3E54462A893E}"
EndProject
Project("{FAE04EC0-301F-11D3-BF4B-00C04F79EFBC}") = "401ParameterizedThreadStartExample", "401ParameterizedThreadStartExample\401ParameterizedThreadStartExample.csproj", "{48E3FF6E-FA70-44EC-9CEC-02622D9C4A0A}"
EndProject
Project("{FAE04EC0-301F-11D3-BF4B-00C04F79EFBC}") = "402CustomerThreadExample", "402CustomerThreadExample\402CustomerThreadExample.csproj", "{6F65659A-1FF9-4F6F-A8BD-0074CFEBD6AD}"
EndProject
Project("{FAE04EC0-301F-11D3-BF4B-00C04F79EFBC}") = "403CallBackExample", "403CallBackExample\403CallBackExample.csproj", "{0C60261C-7957-45EB-81AD-06195F073FF9}"
EndProject
Project("{FAE04EC0-301F-11D3-BF4B-00C04F79EFBC}") = "407LockExample", "407LockExample\407LockExample.csproj", "{CD86965F-28A4-4A40-A716-4168BC1B28C9}"
EndProject
Project("{FAE04EC0-301F-11D3-BF4B-00C04F79EFBC}") = "408EventExample", "408EventExample\408EventExample.csproj", "{965C6687-3FA5-4B2A-8552-79366868F97B}"
EndProject
Project("{FAE04EC0-301F-11D3-BF4B-00C04F79EFBC}") = "409ManualResetEventExample", "409ManualResetEventExample\409ManualResetEventExample.csproj", "{EE480019-0ABE-4824-9946-E1087EEED2EC}"
EndProject
Project("{FAE04EC0-301F-11D3-BF4B-00C04F79EFBC}") = "411AutoResetEventExample", "411AutoResetEventExample\411AutoResetEventExample.csproj", "{65D79433-B4D6-4083-B19E-5F52745D2922}"
EndProject
Project("{FAE04EC0-301F-11D3-BF4B-00C04F79EFBC}") = "412WaitPlusExample", "412WaitPlusExample\412WaitPlusExample.csproj", "{0F8F8D48-B298-45B5-970D-CBC623658DD0}"
EndProject
Project("{FAE04EC0-301F-11D3-BF4B-00C04F79EFBC}") = "416MonistorVsManuelResetEventExample", "416MonistorVsManuelResetEventExample\416MonistorVsManuelResetEventExample.csproj", "{2E4A9C45-8C05-4567-BC44-14ADFF8D2798}"
EndProject
Project("{FAE04EC0-301F-11D3-BF4B-00C04F79EFBC}") = "418ConcurrentQueueExample", "418ConcurrentQueueExample\418ConcurrentQueueExample.csproj", "{CBD99A45-8810-4FDB-A108-B5BEAB1F7EF6}"
EndProject
Project("{FAE04EC0-301F-11D3-BF4B-00C04F79EFBC}") = "420ThreadCsvExample", "420ThreadCsvExample\420ThreadCsvExample.csproj", "{A9AAEFE3-C45A-480F-BB3E-8BC0B56C3DBE}"
EndProject
Project("{FAE04EC0-301F-11D3-BF4B-00C04F79EFBC}") = "424SemaphoreDemo", "424SemaphoreDemo\424SemaphoreDemo.csproj", "{38825294-B627-4A07-8DD6-942AEFD8C142}"
EndProject
Project("{FAE04EC0-301F-11D3-BF4B-00C04F79EFBC}") = "425MutexDemo", "425MutexDemo\425MutexDemo.csproj", "{07814DCA-78E1-4D29-AA55-7AD5EA69D68F}"
EndProject
Project("{FAE04EC0-301F-11D3-BF4B-00C04F79EFBC}") = "426ThreadPoolExample", "426ThreadPoolExample\426ThreadPoolExample.csproj", "{26CBFF36-2359-44C9-8B55-06FCEC0599C5}"
EndProject
Project("{FAE04EC0-301F-11D3-BF4B-00C04F79EFBC}") = "427CountDownEvent", "427CountDownEvent\427CountDownEvent.csproj", "{D964A543-455A-4F12-9577-EAB4F5AE26A7}"
EndProject
Project("{FAE04EC0-301F-11D3-BF4B-00C04F79EFBC}") = "434TaskExample", "434TaskExample\434TaskExample.csproj", "{5663CCB0-1403-4D97-B3DE-D0F8421F569F}"
EndProject
Project("{FAE04EC0-301F-11D3-BF4B-00C04F79EFBC}") = "435StopWatchExample", "435StopWatchExample\435StopWatchExample.csproj", "{9DCCC3FF-3C6F-4CE9-A25B-CD98390BD7CC}"
EndProject
Project("{FAE04EC0-301F-11D3-BF4B-00C04F79EFBC}") = "436TaskFactoryStartNew", "436TaskFactoryStartNew\436TaskFactoryStartNew.csproj", "{AF1594FD-F3B6-4BD5-A891-4815FF6DAA86}"
EndProject
Project("{2150E333-8FDC-42A3-9474-1A3956D46DE8}") = "Solution Items", "Solution Items", "{02EA681E-C7D8-13C7-8484-4AC65E1B71E8}"
	ProjectSection(SolutionItems) = preProject
		.editorconfig = .editorconfig
	EndProjectSection
EndProject
Project("{FAE04EC0-301F-11D3-BF4B-00C04F79EFBC}") = "437TaskWaitExample", "437TaskWaitExample\437TaskWaitExample.csproj", "{1829E090-72F6-42B1-B0B3-0B1FA133DE4E}"
EndProject
Project("{FAE04EC0-301F-11D3-BF4B-00C04F79EFBC}") = "439TaskGenericsExample", "439TaskGenericsExample\439TaskGenericsExample.csproj", "{91223611-6327-421F-AA19-5F75D9DE94C0}"
EndProject
Project("{FAE04EC0-301F-11D3-BF4B-00C04F79EFBC}") = "440ReturnTaskClassExample", "440ReturnTaskClassExample\440ReturnTaskClassExample.csproj", "{A3B6CC94-9B2A-48FD-83E4-C9B63867770F}"
EndProject
Project("{FAE04EC0-301F-11D3-BF4B-00C04F79EFBC}") = "441TaskWaitAny", "441TaskWaitAny\441TaskWaitAny.csproj", "{8058C6D8-2C80-4C2B-89B9-A95E69CF2651}"
EndProject
Project("{FAE04EC0-301F-11D3-BF4B-00C04F79EFBC}") = "442TaskDelay", "442TaskDelay\442TaskDelay.csproj", "{19354616-5767-4497-909D-6A5D2D639022}"
EndProject
Project("{FAE04EC0-301F-11D3-BF4B-00C04F79EFBC}") = "443TaskContinueWith", "443TaskContinueWith\443TaskContinueWith.csproj", "{333A0B09-0BF3-4EAC-9DB9-4EE791F79C94}"
EndProject
Project("{FAE04EC0-301F-11D3-BF4B-00C04F79EFBC}") = "444TaskExceptionThrowExample", "444TaskExceptionThrowExample\444TaskExceptionThrowExample.csproj", "{34BF8EBB-6C40-42B8-BD18-0A652C6A4F2E}"
EndProject
Project("{FAE04EC0-301F-11D3-BF4B-00C04F79EFBC}") = "447TaskCancelExample", "447TaskCancelExample\447TaskCancelExample.csproj", "{7549393F-B524-499C-B925-BD1FE5189835}"
EndProject
Project("{FAE04EC0-301F-11D3-BF4B-00C04F79EFBC}") = "448FileIOExample", "448FileIOExample\448FileIOExample.csproj", "{8E67CC97-AE12-4229-B143-6B62A83FF487}"
EndProject
Project("{FAE04EC0-301F-11D3-BF4B-00C04F79EFBC}") = "452AsyncAwaitExample", "452AsyncAwaitExample\452AsyncAwaitExample.csproj", "{5A2E7246-E708-4E5B-AB41-3CFAA062AF9F}"
EndProject
Project("{FAE04EC0-301F-11D3-BF4B-00C04F79EFBC}") = "454AsyncAwaitClearExample", "454AsyncAwaitClearExample\454AsyncAwaitClearExample.csproj", "{F2933B6A-E773-413D-8FD6-B05EBA1BAF3B}"
EndProject
Project("{FAE04EC0-301F-11D3-BF4B-00C04F79EFBC}") = "456AsyncAwaitException", "456AsyncAwaitException\456AsyncAwaitException.csproj", "{5E00481C-78E5-45FA-A68F-957DE8F1A26C}"
EndProject
Global
	GlobalSection(SolutionConfigurationPlatforms) = preSolution
		Debug|Any CPU = Debug|Any CPU
		Release|Any CPU = Release|Any CPU
	EndGlobalSection
	GlobalSection(ProjectConfigurationPlatforms) = postSolution
		{BD3E85DA-FE05-4065-9E17-56A43C808EBF}.Debug|Any CPU.ActiveCfg = Debug|Any CPU
		{BD3E85DA-FE05-4065-9E17-56A43C808EBF}.Debug|Any CPU.Build.0 = Debug|Any CPU
		{BD3E85DA-FE05-4065-9E17-56A43C808EBF}.Release|Any CPU.ActiveCfg = Release|Any CPU
		{BD3E85DA-FE05-4065-9E17-56A43C808EBF}.Release|Any CPU.Build.0 = Release|Any CPU
		{8B55249F-812A-4818-9CFB-6CAFF087E7D2}.Debug|Any CPU.ActiveCfg = Debug|Any CPU
		{8B55249F-812A-4818-9CFB-6CAFF087E7D2}.Debug|Any CPU.Build.0 = Debug|Any CPU
		{8B55249F-812A-4818-9CFB-6CAFF087E7D2}.Release|Any CPU.ActiveCfg = Release|Any CPU
		{8B55249F-812A-4818-9CFB-6CAFF087E7D2}.Release|Any CPU.Build.0 = Release|Any CPU
		{051F7378-C680-46B3-BA9C-5AA92BFD60CB}.Debug|Any CPU.ActiveCfg = Debug|Any CPU
		{051F7378-C680-46B3-BA9C-5AA92BFD60CB}.Debug|Any CPU.Build.0 = Debug|Any CPU
		{051F7378-C680-46B3-BA9C-5AA92BFD60CB}.Release|Any CPU.ActiveCfg = Release|Any CPU
		{051F7378-C680-46B3-BA9C-5AA92BFD60CB}.Release|Any CPU.Build.0 = Release|Any CPU
		{0AC7C33E-9010-4A55-B4FE-FFA6356386B8}.Debug|Any CPU.ActiveCfg = Debug|Any CPU
		{0AC7C33E-9010-4A55-B4FE-FFA6356386B8}.Debug|Any CPU.Build.0 = Debug|Any CPU
		{0AC7C33E-9010-4A55-B4FE-FFA6356386B8}.Release|Any CPU.ActiveCfg = Release|Any CPU
		{0AC7C33E-9010-4A55-B4FE-FFA6356386B8}.Release|Any CPU.Build.0 = Release|Any CPU
		{A17C9B3C-7C9C-48D4-A67C-4D696AAA55BD}.Debug|Any CPU.ActiveCfg = Debug|Any CPU
		{A17C9B3C-7C9C-48D4-A67C-4D696AAA55BD}.Debug|Any CPU.Build.0 = Debug|Any CPU
		{A17C9B3C-7C9C-48D4-A67C-4D696AAA55BD}.Release|Any CPU.ActiveCfg = Release|Any CPU
		{A17C9B3C-7C9C-48D4-A67C-4D696AAA55BD}.Release|Any CPU.Build.0 = Release|Any CPU
		{255295EC-D5F9-4324-94B2-63AEAE3AED09}.Debug|Any CPU.ActiveCfg = Debug|Any CPU
		{255295EC-D5F9-4324-94B2-63AEAE3AED09}.Debug|Any CPU.Build.0 = Debug|Any CPU
		{255295EC-D5F9-4324-94B2-63AEAE3AED09}.Release|Any CPU.ActiveCfg = Release|Any CPU
		{255295EC-D5F9-4324-94B2-63AEAE3AED09}.Release|Any CPU.Build.0 = Release|Any CPU
		{4DD63832-5844-4ADD-8B14-E328D1BE2B7B}.Debug|Any CPU.ActiveCfg = Debug|Any CPU
		{4DD63832-5844-4ADD-8B14-E328D1BE2B7B}.Debug|Any CPU.Build.0 = Debug|Any CPU
		{4DD63832-5844-4ADD-8B14-E328D1BE2B7B}.Release|Any CPU.ActiveCfg = Release|Any CPU
		{4DD63832-5844-4ADD-8B14-E328D1BE2B7B}.Release|Any CPU.Build.0 = Release|Any CPU
		{3088D778-ACE8-4913-BA93-59D0B72831A0}.Debug|Any CPU.ActiveCfg = Debug|Any CPU
		{3088D778-ACE8-4913-BA93-59D0B72831A0}.Debug|Any CPU.Build.0 = Debug|Any CPU
		{3088D778-ACE8-4913-BA93-59D0B72831A0}.Release|Any CPU.ActiveCfg = Release|Any CPU
		{3088D778-ACE8-4913-BA93-59D0B72831A0}.Release|Any CPU.Build.0 = Release|Any CPU
		{4B53BB13-93C3-4E8D-8B07-ABEC248F007A}.Debug|Any CPU.ActiveCfg = Debug|Any CPU
		{4B53BB13-93C3-4E8D-8B07-ABEC248F007A}.Debug|Any CPU.Build.0 = Debug|Any CPU
		{4B53BB13-93C3-4E8D-8B07-ABEC248F007A}.Release|Any CPU.ActiveCfg = Release|Any CPU
		{4B53BB13-93C3-4E8D-8B07-ABEC248F007A}.Release|Any CPU.Build.0 = Release|Any CPU
		{8FF11CF5-7A25-4615-8E61-DA94DB86BB64}.Debug|Any CPU.ActiveCfg = Debug|Any CPU
		{8FF11CF5-7A25-4615-8E61-DA94DB86BB64}.Debug|Any CPU.Build.0 = Debug|Any CPU
		{8FF11CF5-7A25-4615-8E61-DA94DB86BB64}.Release|Any CPU.ActiveCfg = Release|Any CPU
		{8FF11CF5-7A25-4615-8E61-DA94DB86BB64}.Release|Any CPU.Build.0 = Release|Any CPU
		{EF148EA6-D7FF-4927-8A45-57FC9ECC7D18}.Debug|Any CPU.ActiveCfg = Debug|Any CPU
		{EF148EA6-D7FF-4927-8A45-57FC9ECC7D18}.Debug|Any CPU.Build.0 = Debug|Any CPU
		{EF148EA6-D7FF-4927-8A45-57FC9ECC7D18}.Release|Any CPU.ActiveCfg = Release|Any CPU
		{EF148EA6-D7FF-4927-8A45-57FC9ECC7D18}.Release|Any CPU.Build.0 = Release|Any CPU
		{E25801D8-11F3-4C18-A573-DA5218BD203C}.Debug|Any CPU.ActiveCfg = Debug|Any CPU
		{E25801D8-11F3-4C18-A573-DA5218BD203C}.Debug|Any CPU.Build.0 = Debug|Any CPU
		{E25801D8-11F3-4C18-A573-DA5218BD203C}.Release|Any CPU.ActiveCfg = Release|Any CPU
		{E25801D8-11F3-4C18-A573-DA5218BD203C}.Release|Any CPU.Build.0 = Release|Any CPU
		{0256745A-8B83-47CA-9C98-AB315A77050A}.Debug|Any CPU.ActiveCfg = Debug|Any CPU
		{0256745A-8B83-47CA-9C98-AB315A77050A}.Debug|Any CPU.Build.0 = Debug|Any CPU
		{0256745A-8B83-47CA-9C98-AB315A77050A}.Release|Any CPU.ActiveCfg = Release|Any CPU
		{0256745A-8B83-47CA-9C98-AB315A77050A}.Release|Any CPU.Build.0 = Release|Any CPU
		{7530F23E-1E56-480F-A2AA-387B8613006E}.Debug|Any CPU.ActiveCfg = Debug|Any CPU
		{7530F23E-1E56-480F-A2AA-387B8613006E}.Debug|Any CPU.Build.0 = Debug|Any CPU
		{7530F23E-1E56-480F-A2AA-387B8613006E}.Release|Any CPU.ActiveCfg = Release|Any CPU
		{7530F23E-1E56-480F-A2AA-387B8613006E}.Release|Any CPU.Build.0 = Release|Any CPU
		{23A7DBCE-ABB9-4756-B466-2F06FB444574}.Debug|Any CPU.ActiveCfg = Debug|Any CPU
		{23A7DBCE-ABB9-4756-B466-2F06FB444574}.Debug|Any CPU.Build.0 = Debug|Any CPU
		{23A7DBCE-ABB9-4756-B466-2F06FB444574}.Release|Any CPU.ActiveCfg = Release|Any CPU
		{23A7DBCE-ABB9-4756-B466-2F06FB444574}.Release|Any CPU.Build.0 = Release|Any CPU
		{46EAE7CD-08A8-4F4A-B046-DFC9CCC5E9B5}.Debug|Any CPU.ActiveCfg = Debug|Any CPU
		{46EAE7CD-08A8-4F4A-B046-DFC9CCC5E9B5}.Debug|Any CPU.Build.0 = Debug|Any CPU
		{46EAE7CD-08A8-4F4A-B046-DFC9CCC5E9B5}.Release|Any CPU.ActiveCfg = Release|Any CPU
		{46EAE7CD-08A8-4F4A-B046-DFC9CCC5E9B5}.Release|Any CPU.Build.0 = Release|Any CPU
		{2494ADFC-621A-4846-B2FB-2DF1A3FA8D67}.Debug|Any CPU.ActiveCfg = Debug|Any CPU
		{2494ADFC-621A-4846-B2FB-2DF1A3FA8D67}.Debug|Any CPU.Build.0 = Debug|Any CPU
		{2494ADFC-621A-4846-B2FB-2DF1A3FA8D67}.Release|Any CPU.ActiveCfg = Release|Any CPU
		{2494ADFC-621A-4846-B2FB-2DF1A3FA8D67}.Release|Any CPU.Build.0 = Release|Any CPU
		{BC2EA619-3FBF-4B63-BEEB-FAD6809E9158}.Debug|Any CPU.ActiveCfg = Debug|Any CPU
		{BC2EA619-3FBF-4B63-BEEB-FAD6809E9158}.Debug|Any CPU.Build.0 = Debug|Any CPU
		{BC2EA619-3FBF-4B63-BEEB-FAD6809E9158}.Release|Any CPU.ActiveCfg = Release|Any CPU
		{BC2EA619-3FBF-4B63-BEEB-FAD6809E9158}.Release|Any CPU.Build.0 = Release|Any CPU
		{69435B9C-3014-40FA-85DD-7733982BED48}.Debug|Any CPU.ActiveCfg = Debug|Any CPU
		{69435B9C-3014-40FA-85DD-7733982BED48}.Debug|Any CPU.Build.0 = Debug|Any CPU
		{69435B9C-3014-40FA-85DD-7733982BED48}.Release|Any CPU.ActiveCfg = Release|Any CPU
		{69435B9C-3014-40FA-85DD-7733982BED48}.Release|Any CPU.Build.0 = Release|Any CPU
		{0A5BE35D-8456-4637-9533-AD75C8C8C492}.Debug|Any CPU.ActiveCfg = Debug|Any CPU
		{0A5BE35D-8456-4637-9533-AD75C8C8C492}.Debug|Any CPU.Build.0 = Debug|Any CPU
		{0A5BE35D-8456-4637-9533-AD75C8C8C492}.Release|Any CPU.ActiveCfg = Release|Any CPU
		{0A5BE35D-8456-4637-9533-AD75C8C8C492}.Release|Any CPU.Build.0 = Release|Any CPU
		{F987F68E-9B1B-417C-9B43-C2B45695997F}.Debug|Any CPU.ActiveCfg = Debug|Any CPU
		{F987F68E-9B1B-417C-9B43-C2B45695997F}.Debug|Any CPU.Build.0 = Debug|Any CPU
		{F987F68E-9B1B-417C-9B43-C2B45695997F}.Release|Any CPU.ActiveCfg = Release|Any CPU
		{F987F68E-9B1B-417C-9B43-C2B45695997F}.Release|Any CPU.Build.0 = Release|Any CPU
		{6230F924-6189-44DB-A848-B70AC05BA119}.Debug|Any CPU.ActiveCfg = Debug|Any CPU
		{6230F924-6189-44DB-A848-B70AC05BA119}.Debug|Any CPU.Build.0 = Debug|Any CPU
		{6230F924-6189-44DB-A848-B70AC05BA119}.Release|Any CPU.ActiveCfg = Release|Any CPU
		{6230F924-6189-44DB-A848-B70AC05BA119}.Release|Any CPU.Build.0 = Release|Any CPU
		{A5F8D61E-A707-4904-B2A9-D6181B5A7B33}.Debug|Any CPU.ActiveCfg = Debug|Any CPU
		{A5F8D61E-A707-4904-B2A9-D6181B5A7B33}.Debug|Any CPU.Build.0 = Debug|Any CPU
		{A5F8D61E-A707-4904-B2A9-D6181B5A7B33}.Release|Any CPU.ActiveCfg = Release|Any CPU
		{A5F8D61E-A707-4904-B2A9-D6181B5A7B33}.Release|Any CPU.Build.0 = Release|Any CPU
		{9A2C9509-E90A-4B36-804E-BD806FB9AC66}.Debug|Any CPU.ActiveCfg = Debug|Any CPU
		{9A2C9509-E90A-4B36-804E-BD806FB9AC66}.Debug|Any CPU.Build.0 = Debug|Any CPU
		{9A2C9509-E90A-4B36-804E-BD806FB9AC66}.Release|Any CPU.ActiveCfg = Release|Any CPU
		{9A2C9509-E90A-4B36-804E-BD806FB9AC66}.Release|Any CPU.Build.0 = Release|Any CPU
		{DD1642F5-AB62-48A0-8F97-19718CE85363}.Debug|Any CPU.ActiveCfg = Debug|Any CPU
		{DD1642F5-AB62-48A0-8F97-19718CE85363}.Debug|Any CPU.Build.0 = Debug|Any CPU
		{DD1642F5-AB62-48A0-8F97-19718CE85363}.Release|Any CPU.ActiveCfg = Release|Any CPU
		{DD1642F5-AB62-48A0-8F97-19718CE85363}.Release|Any CPU.Build.0 = Release|Any CPU
		{4FF07DDD-9DB6-42CB-8648-A965E403ED3D}.Debug|Any CPU.ActiveCfg = Debug|Any CPU
		{4FF07DDD-9DB6-42CB-8648-A965E403ED3D}.Debug|Any CPU.Build.0 = Debug|Any CPU
		{4FF07DDD-9DB6-42CB-8648-A965E403ED3D}.Release|Any CPU.ActiveCfg = Release|Any CPU
		{4FF07DDD-9DB6-42CB-8648-A965E403ED3D}.Release|Any CPU.Build.0 = Release|Any CPU
		{8DAC9998-551B-4397-A210-693079D40C07}.Debug|Any CPU.ActiveCfg = Debug|Any CPU
		{8DAC9998-551B-4397-A210-693079D40C07}.Debug|Any CPU.Build.0 = Debug|Any CPU
		{8DAC9998-551B-4397-A210-693079D40C07}.Release|Any CPU.ActiveCfg = Release|Any CPU
		{8DAC9998-551B-4397-A210-693079D40C07}.Release|Any CPU.Build.0 = Release|Any CPU
		{03FFA6DE-1F00-45A5-A9E0-1FEB222EC9D5}.Debug|Any CPU.ActiveCfg = Debug|Any CPU
		{03FFA6DE-1F00-45A5-A9E0-1FEB222EC9D5}.Debug|Any CPU.Build.0 = Debug|Any CPU
		{03FFA6DE-1F00-45A5-A9E0-1FEB222EC9D5}.Release|Any CPU.ActiveCfg = Release|Any CPU
		{03FFA6DE-1F00-45A5-A9E0-1FEB222EC9D5}.Release|Any CPU.Build.0 = Release|Any CPU
		{9B630FCE-E51F-4560-8EB9-72931ACA6325}.Debug|Any CPU.ActiveCfg = Debug|Any CPU
		{9B630FCE-E51F-4560-8EB9-72931ACA6325}.Debug|Any CPU.Build.0 = Debug|Any CPU
		{9B630FCE-E51F-4560-8EB9-72931ACA6325}.Release|Any CPU.ActiveCfg = Release|Any CPU
		{9B630FCE-E51F-4560-8EB9-72931ACA6325}.Release|Any CPU.Build.0 = Release|Any CPU
		{30A0588C-7EFD-4204-878B-621D5BDFE35D}.Debug|Any CPU.ActiveCfg = Debug|Any CPU
		{30A0588C-7EFD-4204-878B-621D5BDFE35D}.Debug|Any CPU.Build.0 = Debug|Any CPU
		{30A0588C-7EFD-4204-878B-621D5BDFE35D}.Release|Any CPU.ActiveCfg = Release|Any CPU
		{30A0588C-7EFD-4204-878B-621D5BDFE35D}.Release|Any CPU.Build.0 = Release|Any CPU
		{C9F64357-3885-4BC1-BABE-49DC6D2B3F34}.Debug|Any CPU.ActiveCfg = Debug|Any CPU
		{C9F64357-3885-4BC1-BABE-49DC6D2B3F34}.Debug|Any CPU.Build.0 = Debug|Any CPU
		{C9F64357-3885-4BC1-BABE-49DC6D2B3F34}.Release|Any CPU.ActiveCfg = Release|Any CPU
		{C9F64357-3885-4BC1-BABE-49DC6D2B3F34}.Release|Any CPU.Build.0 = Release|Any CPU
		{997467BB-962A-42D7-A517-F876CF900B0D}.Debug|Any CPU.ActiveCfg = Debug|Any CPU
		{997467BB-962A-42D7-A517-F876CF900B0D}.Debug|Any CPU.Build.0 = Debug|Any CPU
		{997467BB-962A-42D7-A517-F876CF900B0D}.Release|Any CPU.ActiveCfg = Release|Any CPU
		{997467BB-962A-42D7-A517-F876CF900B0D}.Release|Any CPU.Build.0 = Release|Any CPU
		{AE16074D-B883-46CE-95AB-C13BB596799F}.Debug|Any CPU.ActiveCfg = Debug|Any CPU
		{AE16074D-B883-46CE-95AB-C13BB596799F}.Debug|Any CPU.Build.0 = Debug|Any CPU
		{AE16074D-B883-46CE-95AB-C13BB596799F}.Release|Any CPU.ActiveCfg = Release|Any CPU
		{AE16074D-B883-46CE-95AB-C13BB596799F}.Release|Any CPU.Build.0 = Release|Any CPU
		{D06A6C99-6222-4FB9-A84B-25EBFB22EAC4}.Debug|Any CPU.ActiveCfg = Debug|Any CPU
		{D06A6C99-6222-4FB9-A84B-25EBFB22EAC4}.Debug|Any CPU.Build.0 = Debug|Any CPU
		{D06A6C99-6222-4FB9-A84B-25EBFB22EAC4}.Release|Any CPU.ActiveCfg = Release|Any CPU
		{D06A6C99-6222-4FB9-A84B-25EBFB22EAC4}.Release|Any CPU.Build.0 = Release|Any CPU
		{43BDA4A7-8F7B-44CB-AD5C-79BC26AB0773}.Debug|Any CPU.ActiveCfg = Debug|Any CPU
		{43BDA4A7-8F7B-44CB-AD5C-79BC26AB0773}.Debug|Any CPU.Build.0 = Debug|Any CPU
		{43BDA4A7-8F7B-44CB-AD5C-79BC26AB0773}.Release|Any CPU.ActiveCfg = Release|Any CPU
		{43BDA4A7-8F7B-44CB-AD5C-79BC26AB0773}.Release|Any CPU.Build.0 = Release|Any CPU
		{C8E9F6CC-5236-4B5F-A903-98F18BEFF148}.Debug|Any CPU.ActiveCfg = Debug|Any CPU
		{C8E9F6CC-5236-4B5F-A903-98F18BEFF148}.Debug|Any CPU.Build.0 = Debug|Any CPU
		{C8E9F6CC-5236-4B5F-A903-98F18BEFF148}.Release|Any CPU.ActiveCfg = Release|Any CPU
		{C8E9F6CC-5236-4B5F-A903-98F18BEFF148}.Release|Any CPU.Build.0 = Release|Any CPU
		{6FE9772B-7DD2-44BC-A41E-B77AC9F62A6C}.Debug|Any CPU.ActiveCfg = Debug|Any CPU
		{6FE9772B-7DD2-44BC-A41E-B77AC9F62A6C}.Debug|Any CPU.Build.0 = Debug|Any CPU
		{6FE9772B-7DD2-44BC-A41E-B77AC9F62A6C}.Release|Any CPU.ActiveCfg = Release|Any CPU
		{6FE9772B-7DD2-44BC-A41E-B77AC9F62A6C}.Release|Any CPU.Build.0 = Release|Any CPU
		{F04ED0EE-B482-430E-95B2-C77A2E1A1C36}.Debug|Any CPU.ActiveCfg = Debug|Any CPU
		{F04ED0EE-B482-430E-95B2-C77A2E1A1C36}.Debug|Any CPU.Build.0 = Debug|Any CPU
		{F04ED0EE-B482-430E-95B2-C77A2E1A1C36}.Release|Any CPU.ActiveCfg = Release|Any CPU
		{F04ED0EE-B482-430E-95B2-C77A2E1A1C36}.Release|Any CPU.Build.0 = Release|Any CPU
		{ADA72DBE-AF96-40C4-BA19-FF403A95AE95}.Debug|Any CPU.ActiveCfg = Debug|Any CPU
		{ADA72DBE-AF96-40C4-BA19-FF403A95AE95}.Debug|Any CPU.Build.0 = Debug|Any CPU
		{ADA72DBE-AF96-40C4-BA19-FF403A95AE95}.Release|Any CPU.ActiveCfg = Release|Any CPU
		{ADA72DBE-AF96-40C4-BA19-FF403A95AE95}.Release|Any CPU.Build.0 = Release|Any CPU
		{59300BF9-B7C9-4D29-89D9-3E54462A893E}.Debug|Any CPU.ActiveCfg = Debug|Any CPU
		{59300BF9-B7C9-4D29-89D9-3E54462A893E}.Debug|Any CPU.Build.0 = Debug|Any CPU
		{59300BF9-B7C9-4D29-89D9-3E54462A893E}.Release|Any CPU.ActiveCfg = Release|Any CPU
		{59300BF9-B7C9-4D29-89D9-3E54462A893E}.Release|Any CPU.Build.0 = Release|Any CPU
		{48E3FF6E-FA70-44EC-9CEC-02622D9C4A0A}.Debug|Any CPU.ActiveCfg = Debug|Any CPU
		{48E3FF6E-FA70-44EC-9CEC-02622D9C4A0A}.Debug|Any CPU.Build.0 = Debug|Any CPU
		{48E3FF6E-FA70-44EC-9CEC-02622D9C4A0A}.Release|Any CPU.ActiveCfg = Release|Any CPU
		{48E3FF6E-FA70-44EC-9CEC-02622D9C4A0A}.Release|Any CPU.Build.0 = Release|Any CPU
		{6F65659A-1FF9-4F6F-A8BD-0074CFEBD6AD}.Debug|Any CPU.ActiveCfg = Debug|Any CPU
		{6F65659A-1FF9-4F6F-A8BD-0074CFEBD6AD}.Debug|Any CPU.Build.0 = Debug|Any CPU
		{6F65659A-1FF9-4F6F-A8BD-0074CFEBD6AD}.Release|Any CPU.ActiveCfg = Release|Any CPU
		{6F65659A-1FF9-4F6F-A8BD-0074CFEBD6AD}.Release|Any CPU.Build.0 = Release|Any CPU
		{0C60261C-7957-45EB-81AD-06195F073FF9}.Debug|Any CPU.ActiveCfg = Debug|Any CPU
		{0C60261C-7957-45EB-81AD-06195F073FF9}.Debug|Any CPU.Build.0 = Debug|Any CPU
		{0C60261C-7957-45EB-81AD-06195F073FF9}.Release|Any CPU.ActiveCfg = Release|Any CPU
		{0C60261C-7957-45EB-81AD-06195F073FF9}.Release|Any CPU.Build.0 = Release|Any CPU
		{CD86965F-28A4-4A40-A716-4168BC1B28C9}.Debug|Any CPU.ActiveCfg = Debug|Any CPU
		{CD86965F-28A4-4A40-A716-4168BC1B28C9}.Debug|Any CPU.Build.0 = Debug|Any CPU
		{CD86965F-28A4-4A40-A716-4168BC1B28C9}.Release|Any CPU.ActiveCfg = Release|Any CPU
		{CD86965F-28A4-4A40-A716-4168BC1B28C9}.Release|Any CPU.Build.0 = Release|Any CPU
		{965C6687-3FA5-4B2A-8552-79366868F97B}.Debug|Any CPU.ActiveCfg = Debug|Any CPU
		{965C6687-3FA5-4B2A-8552-79366868F97B}.Debug|Any CPU.Build.0 = Debug|Any CPU
		{965C6687-3FA5-4B2A-8552-79366868F97B}.Release|Any CPU.ActiveCfg = Release|Any CPU
		{965C6687-3FA5-4B2A-8552-79366868F97B}.Release|Any CPU.Build.0 = Release|Any CPU
		{EE480019-0ABE-4824-9946-E1087EEED2EC}.Debug|Any CPU.ActiveCfg = Debug|Any CPU
		{EE480019-0ABE-4824-9946-E1087EEED2EC}.Debug|Any CPU.Build.0 = Debug|Any CPU
		{EE480019-0ABE-4824-9946-E1087EEED2EC}.Release|Any CPU.ActiveCfg = Release|Any CPU
		{EE480019-0ABE-4824-9946-E1087EEED2EC}.Release|Any CPU.Build.0 = Release|Any CPU
		{65D79433-B4D6-4083-B19E-5F52745D2922}.Debug|Any CPU.ActiveCfg = Debug|Any CPU
		{65D79433-B4D6-4083-B19E-5F52745D2922}.Debug|Any CPU.Build.0 = Debug|Any CPU
		{65D79433-B4D6-4083-B19E-5F52745D2922}.Release|Any CPU.ActiveCfg = Release|Any CPU
		{65D79433-B4D6-4083-B19E-5F52745D2922}.Release|Any CPU.Build.0 = Release|Any CPU
		{0F8F8D48-B298-45B5-970D-CBC623658DD0}.Debug|Any CPU.ActiveCfg = Debug|Any CPU
		{0F8F8D48-B298-45B5-970D-CBC623658DD0}.Debug|Any CPU.Build.0 = Debug|Any CPU
		{0F8F8D48-B298-45B5-970D-CBC623658DD0}.Release|Any CPU.ActiveCfg = Release|Any CPU
		{0F8F8D48-B298-45B5-970D-CBC623658DD0}.Release|Any CPU.Build.0 = Release|Any CPU
		{2E4A9C45-8C05-4567-BC44-14ADFF8D2798}.Debug|Any CPU.ActiveCfg = Debug|Any CPU
		{2E4A9C45-8C05-4567-BC44-14ADFF8D2798}.Debug|Any CPU.Build.0 = Debug|Any CPU
		{2E4A9C45-8C05-4567-BC44-14ADFF8D2798}.Release|Any CPU.ActiveCfg = Release|Any CPU
		{2E4A9C45-8C05-4567-BC44-14ADFF8D2798}.Release|Any CPU.Build.0 = Release|Any CPU
		{CBD99A45-8810-4FDB-A108-B5BEAB1F7EF6}.Debug|Any CPU.ActiveCfg = Debug|Any CPU
		{CBD99A45-8810-4FDB-A108-B5BEAB1F7EF6}.Debug|Any CPU.Build.0 = Debug|Any CPU
		{CBD99A45-8810-4FDB-A108-B5BEAB1F7EF6}.Release|Any CPU.ActiveCfg = Release|Any CPU
		{CBD99A45-8810-4FDB-A108-B5BEAB1F7EF6}.Release|Any CPU.Build.0 = Release|Any CPU
		{A9AAEFE3-C45A-480F-BB3E-8BC0B56C3DBE}.Debug|Any CPU.ActiveCfg = Debug|Any CPU
		{A9AAEFE3-C45A-480F-BB3E-8BC0B56C3DBE}.Debug|Any CPU.Build.0 = Debug|Any CPU
		{A9AAEFE3-C45A-480F-BB3E-8BC0B56C3DBE}.Release|Any CPU.ActiveCfg = Release|Any CPU
		{A9AAEFE3-C45A-480F-BB3E-8BC0B56C3DBE}.Release|Any CPU.Build.0 = Release|Any CPU
		{38825294-B627-4A07-8DD6-942AEFD8C142}.Debug|Any CPU.ActiveCfg = Debug|Any CPU
		{38825294-B627-4A07-8DD6-942AEFD8C142}.Debug|Any CPU.Build.0 = Debug|Any CPU
		{38825294-B627-4A07-8DD6-942AEFD8C142}.Release|Any CPU.ActiveCfg = Release|Any CPU
		{38825294-B627-4A07-8DD6-942AEFD8C142}.Release|Any CPU.Build.0 = Release|Any CPU
		{07814DCA-78E1-4D29-AA55-7AD5EA69D68F}.Debug|Any CPU.ActiveCfg = Debug|Any CPU
		{07814DCA-78E1-4D29-AA55-7AD5EA69D68F}.Debug|Any CPU.Build.0 = Debug|Any CPU
		{07814DCA-78E1-4D29-AA55-7AD5EA69D68F}.Release|Any CPU.ActiveCfg = Release|Any CPU
		{07814DCA-78E1-4D29-AA55-7AD5EA69D68F}.Release|Any CPU.Build.0 = Release|Any CPU
		{26CBFF36-2359-44C9-8B55-06FCEC0599C5}.Debug|Any CPU.ActiveCfg = Debug|Any CPU
		{26CBFF36-2359-44C9-8B55-06FCEC0599C5}.Debug|Any CPU.Build.0 = Debug|Any CPU
		{26CBFF36-2359-44C9-8B55-06FCEC0599C5}.Release|Any CPU.ActiveCfg = Release|Any CPU
		{26CBFF36-2359-44C9-8B55-06FCEC0599C5}.Release|Any CPU.Build.0 = Release|Any CPU
		{D964A543-455A-4F12-9577-EAB4F5AE26A7}.Debug|Any CPU.ActiveCfg = Debug|Any CPU
		{D964A543-455A-4F12-9577-EAB4F5AE26A7}.Debug|Any CPU.Build.0 = Debug|Any CPU
		{D964A543-455A-4F12-9577-EAB4F5AE26A7}.Release|Any CPU.ActiveCfg = Release|Any CPU
		{D964A543-455A-4F12-9577-EAB4F5AE26A7}.Release|Any CPU.Build.0 = Release|Any CPU
		{5663CCB0-1403-4D97-B3DE-D0F8421F569F}.Debug|Any CPU.ActiveCfg = Debug|Any CPU
		{5663CCB0-1403-4D97-B3DE-D0F8421F569F}.Debug|Any CPU.Build.0 = Debug|Any CPU
		{5663CCB0-1403-4D97-B3DE-D0F8421F569F}.Release|Any CPU.ActiveCfg = Release|Any CPU
		{5663CCB0-1403-4D97-B3DE-D0F8421F569F}.Release|Any CPU.Build.0 = Release|Any CPU
		{9DCCC3FF-3C6F-4CE9-A25B-CD98390BD7CC}.Debug|Any CPU.ActiveCfg = Debug|Any CPU
		{9DCCC3FF-3C6F-4CE9-A25B-CD98390BD7CC}.Debug|Any CPU.Build.0 = Debug|Any CPU
		{9DCCC3FF-3C6F-4CE9-A25B-CD98390BD7CC}.Release|Any CPU.ActiveCfg = Release|Any CPU
		{9DCCC3FF-3C6F-4CE9-A25B-CD98390BD7CC}.Release|Any CPU.Build.0 = Release|Any CPU
		{AF1594FD-F3B6-4BD5-A891-4815FF6DAA86}.Debug|Any CPU.ActiveCfg = Debug|Any CPU
		{AF1594FD-F3B6-4BD5-A891-4815FF6DAA86}.Debug|Any CPU.Build.0 = Debug|Any CPU
		{AF1594FD-F3B6-4BD5-A891-4815FF6DAA86}.Release|Any CPU.ActiveCfg = Release|Any CPU
		{AF1594FD-F3B6-4BD5-A891-4815FF6DAA86}.Release|Any CPU.Build.0 = Release|Any CPU
		{1829E090-72F6-42B1-B0B3-0B1FA133DE4E}.Debug|Any CPU.ActiveCfg = Debug|Any CPU
		{1829E090-72F6-42B1-B0B3-0B1FA133DE4E}.Debug|Any CPU.Build.0 = Debug|Any CPU
		{1829E090-72F6-42B1-B0B3-0B1FA133DE4E}.Release|Any CPU.ActiveCfg = Release|Any CPU
		{1829E090-72F6-42B1-B0B3-0B1FA133DE4E}.Release|Any CPU.Build.0 = Release|Any CPU
		{91223611-6327-421F-AA19-5F75D9DE94C0}.Debug|Any CPU.ActiveCfg = Debug|Any CPU
		{91223611-6327-421F-AA19-5F75D9DE94C0}.Debug|Any CPU.Build.0 = Debug|Any CPU
		{91223611-6327-421F-AA19-5F75D9DE94C0}.Release|Any CPU.ActiveCfg = Release|Any CPU
		{91223611-6327-421F-AA19-5F75D9DE94C0}.Release|Any CPU.Build.0 = Release|Any CPU
		{A3B6CC94-9B2A-48FD-83E4-C9B63867770F}.Debug|Any CPU.ActiveCfg = Debug|Any CPU
		{A3B6CC94-9B2A-48FD-83E4-C9B63867770F}.Debug|Any CPU.Build.0 = Debug|Any CPU
		{A3B6CC94-9B2A-48FD-83E4-C9B63867770F}.Release|Any CPU.ActiveCfg = Release|Any CPU
		{A3B6CC94-9B2A-48FD-83E4-C9B63867770F}.Release|Any CPU.Build.0 = Release|Any CPU
		{8058C6D8-2C80-4C2B-89B9-A95E69CF2651}.Debug|Any CPU.ActiveCfg = Debug|Any CPU
		{8058C6D8-2C80-4C2B-89B9-A95E69CF2651}.Debug|Any CPU.Build.0 = Debug|Any CPU
		{8058C6D8-2C80-4C2B-89B9-A95E69CF2651}.Release|Any CPU.ActiveCfg = Release|Any CPU
		{8058C6D8-2C80-4C2B-89B9-A95E69CF2651}.Release|Any CPU.Build.0 = Release|Any CPU
		{19354616-5767-4497-909D-6A5D2D639022}.Debug|Any CPU.ActiveCfg = Debug|Any CPU
		{19354616-5767-4497-909D-6A5D2D639022}.Debug|Any CPU.Build.0 = Debug|Any CPU
		{19354616-5767-4497-909D-6A5D2D639022}.Release|Any CPU.ActiveCfg = Release|Any CPU
		{19354616-5767-4497-909D-6A5D2D639022}.Release|Any CPU.Build.0 = Release|Any CPU
		{333A0B09-0BF3-4EAC-9DB9-4EE791F79C94}.Debug|Any CPU.ActiveCfg = Debug|Any CPU
		{333A0B09-0BF3-4EAC-9DB9-4EE791F79C94}.Debug|Any CPU.Build.0 = Debug|Any CPU
		{333A0B09-0BF3-4EAC-9DB9-4EE791F79C94}.Release|Any CPU.ActiveCfg = Release|Any CPU
		{333A0B09-0BF3-4EAC-9DB9-4EE791F79C94}.Release|Any CPU.Build.0 = Release|Any CPU
		{34BF8EBB-6C40-42B8-BD18-0A652C6A4F2E}.Debug|Any CPU.ActiveCfg = Debug|Any CPU
		{34BF8EBB-6C40-42B8-BD18-0A652C6A4F2E}.Debug|Any CPU.Build.0 = Debug|Any CPU
		{34BF8EBB-6C40-42B8-BD18-0A652C6A4F2E}.Release|Any CPU.ActiveCfg = Release|Any CPU
		{34BF8EBB-6C40-42B8-BD18-0A652C6A4F2E}.Release|Any CPU.Build.0 = Release|Any CPU
		{7549393F-B524-499C-B925-BD1FE5189835}.Debug|Any CPU.ActiveCfg = Debug|Any CPU
		{7549393F-B524-499C-B925-BD1FE5189835}.Debug|Any CPU.Build.0 = Debug|Any CPU
		{7549393F-B524-499C-B925-BD1FE5189835}.Release|Any CPU.ActiveCfg = Release|Any CPU
		{7549393F-B524-499C-B925-BD1FE5189835}.Release|Any CPU.Build.0 = Release|Any CPU
		{8E67CC97-AE12-4229-B143-6B62A83FF487}.Debug|Any CPU.ActiveCfg = Debug|Any CPU
		{8E67CC97-AE12-4229-B143-6B62A83FF487}.Debug|Any CPU.Build.0 = Debug|Any CPU
		{8E67CC97-AE12-4229-B143-6B62A83FF487}.Release|Any CPU.ActiveCfg = Release|Any CPU
		{8E67CC97-AE12-4229-B143-6B62A83FF487}.Release|Any CPU.Build.0 = Release|Any CPU
		{5A2E7246-E708-4E5B-AB41-3CFAA062AF9F}.Debug|Any CPU.ActiveCfg = Debug|Any CPU
		{5A2E7246-E708-4E5B-AB41-3CFAA062AF9F}.Debug|Any CPU.Build.0 = Debug|Any CPU
		{5A2E7246-E708-4E5B-AB41-3CFAA062AF9F}.Release|Any CPU.ActiveCfg = Release|Any CPU
		{5A2E7246-E708-4E5B-AB41-3CFAA062AF9F}.Release|Any CPU.Build.0 = Release|Any CPU
		{F2933B6A-E773-413D-8FD6-B05EBA1BAF3B}.Debug|Any CPU.ActiveCfg = Debug|Any CPU
		{F2933B6A-E773-413D-8FD6-B05EBA1BAF3B}.Debug|Any CPU.Build.0 = Debug|Any CPU
		{F2933B6A-E773-413D-8FD6-B05EBA1BAF3B}.Release|Any CPU.ActiveCfg = Release|Any CPU
		{F2933B6A-E773-413D-8FD6-B05EBA1BAF3B}.Release|Any CPU.Build.0 = Release|Any CPU
		{5E00481C-78E5-45FA-A68F-957DE8F1A26C}.Debug|Any CPU.ActiveCfg = Debug|Any CPU
		{5E00481C-78E5-45FA-A68F-957DE8F1A26C}.Debug|Any CPU.Build.0 = Debug|Any CPU
		{5E00481C-78E5-45FA-A68F-957DE8F1A26C}.Release|Any CPU.ActiveCfg = Release|Any CPU
		{5E00481C-78E5-45FA-A68F-957DE8F1A26C}.Release|Any CPU.Build.0 = Release|Any CPU
	EndGlobalSection
	GlobalSection(SolutionProperties) = preSolution
		HideSolutionNode = FALSE
	EndGlobalSection
	GlobalSection(ExtensibilityGlobals) = postSolution
		SolutionGuid = {0054F7B8-5A3B-4690-979C-AD072856B4E6}
	EndGlobalSection
EndGlobal
